
Microsoft Visual Studio Solution File, Format Version 12.00
# Visual Studio Version 16
VisualStudioVersion = 16.0.31321.278
MinimumVisualStudioVersion = 10.0.40219.1
Project("{2150E333-8FDC-42A3-9474-1A3956D46DE8}") = "src", "src", "{2AC227FF-A88D-4E68-844A-0AEC18BD7741}"
EndProject
Project("{2150E333-8FDC-42A3-9474-1A3956D46DE8}") = "API", "API", "{02F42466-22FF-4251-910D-467664963F72}"
EndProject
Project("{2150E333-8FDC-42A3-9474-1A3956D46DE8}") = "Core", "Core", "{DAA340BA-0E7D-4D53-9DB0-8E5131542C54}"
EndProject
Project("{2150E333-8FDC-42A3-9474-1A3956D46DE8}") = "WebUI", "WebUI", "{9A7AD20D-7E0D-450B-944A-59C66B183F38}"
EndProject
Project("{2150E333-8FDC-42A3-9474-1A3956D46DE8}") = "Infrastructure", "Infrastructure", "{1F74C441-F064-4805-AB5B-AF43B02DB900}"
EndProject
Project("{9A19103F-16F7-4668-BE54-9A1E7A4F7556}") = "Bookshelf.Domain", "Bookshelf.Domain\Bookshelf.Domain.csproj", "{E945CCDB-CA2F-476F-8CC4-7B7150D082AF}"
EndProject
Project("{9A19103F-16F7-4668-BE54-9A1E7A4F7556}") = "Bookshelf.Application", "Bookshelf.Application\Bookshelf.Application.csproj", "{7D1562FF-200D-46C6-ADBE-C3D7C9F99FA0}"
EndProject
Project("{9A19103F-16F7-4668-BE54-9A1E7A4F7556}") = "Bookshelf.Persistence", "Bookshelf.Persistence\Bookshelf.Persistence.csproj", "{7427815B-CD5E-450E-B817-4E605E329BF4}"
EndProject
Project("{9A19103F-16F7-4668-BE54-9A1E7A4F7556}") = "Bookshelf.Api", "Bookshelf.Api\Bookshelf.Api.csproj", "{3C74D7AB-8437-4588-B2B7-55FE829A2D60}"
EndProject
Project("{9A19103F-16F7-4668-BE54-9A1E7A4F7556}") = "Bookshelf.App", "Bookshelf.App\Bookshelf.App.csproj", "{D3405652-D18C-4F98-87E7-E263664EED27}"
EndProject
Global
	GlobalSection(SolutionConfigurationPlatforms) = preSolution
		Debug|Any CPU = Debug|Any CPU
		Release|Any CPU = Release|Any CPU
	EndGlobalSection
	GlobalSection(ProjectConfigurationPlatforms) = postSolution
		{E945CCDB-CA2F-476F-8CC4-7B7150D082AF}.Debug|Any CPU.ActiveCfg = Debug|Any CPU
		{E945CCDB-CA2F-476F-8CC4-7B7150D082AF}.Debug|Any CPU.Build.0 = Debug|Any CPU
		{E945CCDB-CA2F-476F-8CC4-7B7150D082AF}.Release|Any CPU.ActiveCfg = Release|Any CPU
		{E945CCDB-CA2F-476F-8CC4-7B7150D082AF}.Release|Any CPU.Build.0 = Release|Any CPU
		{7D1562FF-200D-46C6-ADBE-C3D7C9F99FA0}.Debug|Any CPU.ActiveCfg = Debug|Any CPU
		{7D1562FF-200D-46C6-ADBE-C3D7C9F99FA0}.Debug|Any CPU.Build.0 = Debug|Any CPU
		{7D1562FF-200D-46C6-ADBE-C3D7C9F99FA0}.Release|Any CPU.ActiveCfg = Release|Any CPU
		{7D1562FF-200D-46C6-ADBE-C3D7C9F99FA0}.Release|Any CPU.Build.0 = Release|Any CPU
		{7427815B-CD5E-450E-B817-4E605E329BF4}.Debug|Any CPU.ActiveCfg = Debug|Any CPU
		{7427815B-CD5E-450E-B817-4E605E329BF4}.Debug|Any CPU.Build.0 = Debug|Any CPU
		{7427815B-CD5E-450E-B817-4E605E329BF4}.Release|Any CPU.ActiveCfg = Release|Any CPU
		{7427815B-CD5E-450E-B817-4E605E329BF4}.Release|Any CPU.Build.0 = Release|Any CPU
		{3C74D7AB-8437-4588-B2B7-55FE829A2D60}.Debug|Any CPU.ActiveCfg = Debug|Any CPU
		{3C74D7AB-8437-4588-B2B7-55FE829A2D60}.Debug|Any CPU.Build.0 = Debug|Any CPU
		{3C74D7AB-8437-4588-B2B7-55FE829A2D60}.Release|Any CPU.ActiveCfg = Release|Any CPU
		{3C74D7AB-8437-4588-B2B7-55FE829A2D60}.Release|Any CPU.Build.0 = Release|Any CPU
		{D3405652-D18C-4F98-87E7-E263664EED27}.Debug|Any CPU.ActiveCfg = Debug|Any CPU
		{D3405652-D18C-4F98-87E7-E263664EED27}.Debug|Any CPU.Build.0 = Debug|Any CPU
		{D3405652-D18C-4F98-87E7-E263664EED27}.Release|Any CPU.ActiveCfg = Release|Any CPU
		{D3405652-D18C-4F98-87E7-E263664EED27}.Release|Any CPU.Build.0 = Release|Any CPU
	EndGlobalSection
	GlobalSection(SolutionProperties) = preSolution
		HideSolutionNode = FALSE
	EndGlobalSection
	GlobalSection(NestedProjects) = preSolution
		{02F42466-22FF-4251-910D-467664963F72} = {2AC227FF-A88D-4E68-844A-0AEC18BD7741}
		{DAA340BA-0E7D-4D53-9DB0-8E5131542C54} = {2AC227FF-A88D-4E68-844A-0AEC18BD7741}
		{9A7AD20D-7E0D-450B-944A-59C66B183F38} = {2AC227FF-A88D-4E68-844A-0AEC18BD7741}
		{1F74C441-F064-4805-AB5B-AF43B02DB900} = {2AC227FF-A88D-4E68-844A-0AEC18BD7741}
		{E945CCDB-CA2F-476F-8CC4-7B7150D082AF} = {DAA340BA-0E7D-4D53-9DB0-8E5131542C54}
		{7D1562FF-200D-46C6-ADBE-C3D7C9F99FA0} = {DAA340BA-0E7D-4D53-9DB0-8E5131542C54}
		{7427815B-CD5E-450E-B817-4E605E329BF4} = {1F74C441-F064-4805-AB5B-AF43B02DB900}
		{3C74D7AB-8437-4588-B2B7-55FE829A2D60} = {02F42466-22FF-4251-910D-467664963F72}
		{D3405652-D18C-4F98-87E7-E263664EED27} = {9A7AD20D-7E0D-450B-944A-59C66B183F38}
	EndGlobalSection
	GlobalSection(ExtensibilityGlobals) = postSolution
		SolutionGuid = {06CC5190-5583-452A-A182-330151CBD9B1}
	EndGlobalSection
EndGlobal
